{
  "lockfileVersion": 1,
  "dependencies": {
    "@sentry/browser": {
      "version": "5.22.3",
      "resolved": "https://registry.npmjs.org/@sentry/browser/-/browser-5.22.3.tgz",
      "integrity": "sha512-2TzE/CoBa5ZkvxJizDdi1Iz1ldmXSJpFQ1mL07PIXBjCt0Wxf+WOuFSj5IP4L40XHfJE5gU8wEvSH0VDR8nXtA=="
    },
    "@sentry/core": {
      "version": "5.22.3",
      "resolved": "https://registry.npmjs.org/@sentry/core/-/core-5.22.3.tgz",
      "integrity": "sha512-eGL5uUarw3o4i9QUb9JoFHnhriPpWCaqeaIBB06HUpdcvhrjoowcKZj1+WPec5lFg5XusE35vez7z/FPzmJUDw=="
    },
    "@sentry/hub": {
      "version": "5.22.3",
      "resolved": "https://registry.npmjs.org/@sentry/hub/-/hub-5.22.3.tgz",
      "integrity": "sha512-INo47m6N5HFEs/7GMP9cqxOIt7rmRxdERunA3H2L37owjcr77MwHVeeJ9yawRS6FMtbWXplgWTyTIWIYOuqVbw=="
    },
    "@sentry/minimal": {
      "version": "5.22.3",
      "resolved": "https://registry.npmjs.org/@sentry/minimal/-/minimal-5.22.3.tgz",
      "integrity": "sha512-HoINpYnVYCpNjn2XIPIlqH5o4BAITpTljXjtAftOx6Hzj+Opjg8tR8PWliyKDvkXPpc4kXK9D6TpEDw8MO0wZA=="
    },
    "@sentry/node": {
      "version": "5.22.3",
      "resolved": "https://registry.npmjs.org/@sentry/node/-/node-5.22.3.tgz",
      "integrity": "sha512-TCCKO7hJKiQi1nGmJcQfvbbqv98P08LULh7pb/NaO5pV20t1FtICfGx8UMpORRDehbcAiYq/f7rPOF6X/Xl5iw=="
    },
    "@sentry/tracing": {
      "version": "5.22.3",
      "resolved": "https://registry.npmjs.org/@sentry/tracing/-/tracing-5.22.3.tgz",
      "integrity": "sha512-Zp59kMCk5v56ZAyErqjv/QvGOWOQ5fRltzeVQVp8unIDTk6gEFXfhwPsYHOokJe1mfkmrgPDV6xAkYgtL3KCDQ=="
    },
    "@sentry/types": {
      "version": "5.22.3",
      "resolved": "https://registry.npmjs.org/@sentry/types/-/types-5.22.3.tgz",
      "integrity": "sha512-cv+VWK0YFgCVDvD1/HrrBWOWYG3MLuCUJRBTkV/Opdy7nkdNjhCAJQrEyMM9zX0sac8FKWKOHT0sykNh8KgmYw=="
    },
    "@sentry/utils": {
      "version": "5.22.3",
      "resolved": "https://registry.npmjs.org/@sentry/utils/-/utils-5.22.3.tgz",
      "integrity": "sha512-AHNryXMBvIkIE+GQxTlmhBXD0Ksh+5w1SwM5qi6AttH+1qjWLvV6WB4+4pvVvEoS8t5F+WaVUZPQLmCCWp6zKw=="
    },
    "agent-base": {
      "version": "6.0.1",
      "resolved": "https://registry.npmjs.org/agent-base/-/agent-base-6.0.1.tgz",
      "integrity": "sha512-01q25QQDwLSsyfhrKbn8yuur+JNw0H+0Y4JiGIKd3z9aYk/w/2kxD/Upc+t2ZBBSUNff50VjPsSW2YxM8QYKVg=="
    },
    "cookie": {
      "version": "0.4.1",
      "resolved": "https://registry.npmjs.org/cookie/-/cookie-0.4.1.tgz",
      "integrity": "sha512-ZwrFkGJxUR3EIoXtO+yVE69Eb7KlixbaeAWfBQB9vVsNn/o+Yw69gBWSSDK825hQNdN+wF8zELf3dFNl/kxkUA=="
    },
    "debug": {
      "version": "4.1.1",
      "resolved": "https://registry.npmjs.org/debug/-/debug-4.1.1.tgz",
      "integrity": "sha512-pYAIzeRo8J6KPEaJ0VWOh5Pzkbw/RetuzehGM7QRRX5he4fPHx2rdKMB256ehJCkX+XRQm16eZLqLNS8RSZXZw=="
    },
    "https-proxy-agent": {
      "version": "5.0.0",
      "resolved": "https://registry.npmjs.org/https-proxy-agent/-/https-proxy-agent-5.0.0.tgz",
      "integrity": "sha512-EkYm5BcKUGiduxzSt3Eppko+PiNWNEpa4ySk9vTC6wDsQJW9rHSa+UhGNJoRYp7bz6Ht1eaRIa6QaJqO5rCFbA=="
    },
    "lru_map": {
      "version": "0.3.3",
      "resolved": "https://registry.npmjs.org/lru_map/-/lru_map-0.3.3.tgz",
      "integrity": "sha1-tcg1G5Rky9dQM1p5ZQoOwOVhGN0="
    },
    "ms": {
      "version": "2.1.2",
      "resolved": "https://registry.npmjs.org/ms/-/ms-2.1.2.tgz",
      "integrity": "sha512-sGkPx+VjMtmA6MX27oA4FBFELFCZZ4S4XqeGOXCv68tT+jb3vk/RyaKWP0PTKyWtmLSM0b+adUTEvbs1PEaH2w=="
    },
    "tslib": {
      "version": "1.13.0",
      "resolved": "https://registry.npmjs.org/tslib/-/tslib-1.13.0.tgz",
      "integrity": "sha512-i/6DQjL8Xf3be4K/E6Wgpekn5Qasl1usyw++dAA35Ue5orEn65VIxOA+YvNNl9HV3qv70T7CNwjODHZrLwvd1Q=="
    }
  }
}
